{
  "requires": true,
  "lockfileVersion": 1,
  "dependencies": {
    "@fullcalendar/core": {
      "version": "4.0.2",
      "resolved": "https://registry.npmjs.org/@fullcalendar/core/-/core-4.0.2.tgz",
      "integrity": "sha512-5DBjqoQretok6L0GNpcqkr0HnCNDzRH0REWJDeTTyHGi62V+8MC3IqZkpmDrFITTkIyDrvf8GHl3WhTI0bjYPQ=="
    },
    "@fullcalendar/daygrid": {
      "version": "4.0.1",
      "resolved": "https://registry.npmjs.org/@fullcalendar/daygrid/-/daygrid-4.0.1.tgz",
      "integrity": "sha512-nKFFKgTm5eijOukD6pjsQSLlsBoMrKuHXc00zaHaMWSeJndGHxtseR8oeHOnclNNScMKLXLNZthzEduSqqyuRw=="
    },
    "@fullcalendar/resource-common": {
      "version": "4.0.2",
      "resolved": "https://registry.npmjs.org/@fullcalendar/resource-common/-/resource-common-4.0.2.tgz",
      "integrity": "sha512-RvDXVi/FpfiO8XxOACBufAkDeJeXl86P8LDICiFcc0WrwnqVVbxI5fBOD0/HIn/7U00IddY5PZdKwikezs9elQ=="
    },
    "@fullcalendar/resource-timeline": {
      "version": "4.0.2",
      "resolved": "https://registry.npmjs.org/@fullcalendar/resource-timeline/-/resource-timeline-4.0.2.tgz",
      "integrity": "sha512-WSFU4fILLQ9ULzOezEOQry3hOWEKsg7rM8r/AcaOIQBv1hhU58T9Cn6G870J3ko8K7meCFGoXnK4Kk8V8haJxg==",
      "requires": {
        "@fullcalendar/resource-common": "^4.0.2",
        "@fullcalendar/timeline": "^4.0.2"
      }
    },
    "@fullcalendar/timeline": {
      "version": "4.0.2",
      "resolved": "https://registry.npmjs.org/@fullcalendar/timeline/-/timeline-4.0.2.tgz",
      "integrity": "sha512-USTaQpA3+ck4atBuf1MES9de6Q7emNNsPvJLvXmMnZPvibkP3BdNNwn5GurgCebKXAKJHp+zRWoo6t7lHx9csQ=="
    },
    "fullcalendar": {
      "version": "3.10.0",
      "resolved": "https://registry.npmjs.org/fullcalendar/-/fullcalendar-3.10.0.tgz",
      "integrity": "sha512-0OtsHhmdYhtFmQwXzyo8VqHzYgamg+zVOoytv5N13gI+iF6CGjevpCi/yBaQs0O4wY3OAp8I688IxdNYe0iAvw=="
    }
  }
}
